
Microsoft Visual Studio Solution File, Format Version 12.00
# Visual Studio Version 16
VisualStudioVersion = 16.0.31112.23
MinimumVisualStudioVersion = 10.0.40219.1
Project("{FAE04EC0-301F-11D3-BF4B-00C04F79EFBC}") = "week05", "week05\week05.csproj", "{DEF189E9-6F83-4169-8D7C-87FC2AF0A60C}"
EndProject
Global
	GlobalSection(SolutionConfigurationPlatforms) = preSolution
		Debug|Any CPU = Debug|Any CPU
		Release|Any CPU = Release|Any CPU
	EndGlobalSection
	GlobalSection(ProjectConfigurationPlatforms) = postSolution
		{DEF189E9-6F83-4169-8D7C-87FC2AF0A60C}.Debug|Any CPU.ActiveCfg = Debug|Any CPU
		{DEF189E9-6F83-4169-8D7C-87FC2AF0A60C}.Debug|Any CPU.Build.0 = Debug|Any CPU
		{DEF189E9-6F83-4169-8D7C-87FC2AF0A60C}.Release|Any CPU.ActiveCfg = Release|Any CPU
		{DEF189E9-6F83-4169-8D7C-87FC2AF0A60C}.Release|Any CPU.Build.0 = Release|Any CPU
	EndGlobalSection
	GlobalSection(SolutionProperties) = preSolution
		HideSolutionNode = FALSE
	EndGlobalSection
	GlobalSection(ExtensibilityGlobals) = postSolution
		SolutionGuid = {E199CF35-14DC-44CC-BEEA-8A7BDD80B614}
	EndGlobalSection
EndGlobal
