
Microsoft Visual Studio Solution File, Format Version 12.00
# Visual Studio Version 16
VisualStudioVersion = 16.0.31112.23
MinimumVisualStudioVersion = 10.0.40219.1
Project("{FAE04EC0-301F-11D3-BF4B-00C04F79EFBC}") = "week06", "week06\week06.csproj", "{86CFBA05-FD3B-43C3-98EB-D696A0293293}"
EndProject
Global
	GlobalSection(SolutionConfigurationPlatforms) = preSolution
		Debug|Any CPU = Debug|Any CPU
		Release|Any CPU = Release|Any CPU
	EndGlobalSection
	GlobalSection(ProjectConfigurationPlatforms) = postSolution
		{86CFBA05-FD3B-43C3-98EB-D696A0293293}.Debug|Any CPU.ActiveCfg = Debug|Any CPU
		{86CFBA05-FD3B-43C3-98EB-D696A0293293}.Debug|Any CPU.Build.0 = Debug|Any CPU
		{86CFBA05-FD3B-43C3-98EB-D696A0293293}.Release|Any CPU.ActiveCfg = Release|Any CPU
		{86CFBA05-FD3B-43C3-98EB-D696A0293293}.Release|Any CPU.Build.0 = Release|Any CPU
	EndGlobalSection
	GlobalSection(SolutionProperties) = preSolution
		HideSolutionNode = FALSE
	EndGlobalSection
	GlobalSection(ExtensibilityGlobals) = postSolution
		SolutionGuid = {AAA93015-D440-4B1F-806D-F42A8B733799}
	EndGlobalSection
EndGlobal
